
Microsoft Visual Studio Solution File, Format Version 12.00
# Visual Studio Version 16
VisualStudioVersion = 16.0.31624.102
MinimumVisualStudioVersion = 10.0.40219.1
Project("{FAE04EC0-301F-11D3-BF4B-00C04F79EFBC}") = "RestClient", "RestClient\RestClient.csproj", "{7C8D1408-CAA2-4379-8B12-53A1B053EEC1}"
EndProject
Project("{FAE04EC0-301F-11D3-BF4B-00C04F79EFBC}") = "AuthAPI", "AuthAPI\AuthAPI.csproj", "{5BE70BA4-F0CB-4E0A-B2CA-EAFE28A9E6AB}"
EndProject
Project("{FAE04EC0-301F-11D3-BF4B-00C04F79EFBC}") = "JSONParser", "JSONParser\JSONParser.csproj", "{BA501B1C-9BF7-4490-BD78-35AF62A306AB}"
EndProject
Global
	GlobalSection(SolutionConfigurationPlatforms) = preSolution
		Debug|Any CPU = Debug|Any CPU
		Release|Any CPU = Release|Any CPU
	EndGlobalSection
	GlobalSection(ProjectConfigurationPlatforms) = postSolution
		{7C8D1408-CAA2-4379-8B12-53A1B053EEC1}.Debug|Any CPU.ActiveCfg = Debug|Any CPU
		{7C8D1408-CAA2-4379-8B12-53A1B053EEC1}.Debug|Any CPU.Build.0 = Debug|Any CPU
		{7C8D1408-CAA2-4379-8B12-53A1B053EEC1}.Release|Any CPU.ActiveCfg = Release|Any CPU
		{7C8D1408-CAA2-4379-8B12-53A1B053EEC1}.Release|Any CPU.Build.0 = Release|Any CPU
		{5BE70BA4-F0CB-4E0A-B2CA-EAFE28A9E6AB}.Debug|Any CPU.ActiveCfg = Debug|Any CPU
		{5BE70BA4-F0CB-4E0A-B2CA-EAFE28A9E6AB}.Debug|Any CPU.Build.0 = Debug|Any CPU
		{5BE70BA4-F0CB-4E0A-B2CA-EAFE28A9E6AB}.Release|Any CPU.ActiveCfg = Release|Any CPU
		{5BE70BA4-F0CB-4E0A-B2CA-EAFE28A9E6AB}.Release|Any CPU.Build.0 = Release|Any CPU
		{BA501B1C-9BF7-4490-BD78-35AF62A306AB}.Debug|Any CPU.ActiveCfg = Debug|Any CPU
		{BA501B1C-9BF7-4490-BD78-35AF62A306AB}.Debug|Any CPU.Build.0 = Debug|Any CPU
		{BA501B1C-9BF7-4490-BD78-35AF62A306AB}.Release|Any CPU.ActiveCfg = Release|Any CPU
		{BA501B1C-9BF7-4490-BD78-35AF62A306AB}.Release|Any CPU.Build.0 = Release|Any CPU
	EndGlobalSection
	GlobalSection(SolutionProperties) = preSolution
		HideSolutionNode = FALSE
	EndGlobalSection
	GlobalSection(ExtensibilityGlobals) = postSolution
		SolutionGuid = {50D37CE5-8D99-437C-9736-37FF13468865}
	EndGlobalSection
EndGlobal
